
Microsoft Visual Studio Solution File, Format Version 10.00
# Visual Studio 2008
Project("{8BC9CEB8-8B4A-11D0-8D11-00A0C91BC942}") = "VideoGear", "apps\VideoGear\VideoGear.vcproj", "{ED60967A-7A4D-4A9D-BA74-1CC5AB3BDABB}"
EndProject
Project("{8BC9CEB8-8B4A-11D0-8D11-00A0C91BC942}") = "AviSplitter", "filters\parser\avisplitter\AviSplitter.vcproj", "{9738B023-FC46-48A2-953A-0035FD897678}"
	ProjectSection(ProjectDependencies) = postProject
		{37768B3F-89BC-4C16-B2A8-767C5DA84C3F} = {37768B3F-89BC-4C16-B2A8-767C5DA84C3F}
	EndProjectSection
EndProject
Project("{2150E333-8FDC-42A3-9474-1A3956D46DE8}") = "Parser", "Parser", "{E2ED463C-291B-45C3-A0BA-0C9BE03DFEB4}"
EndProject
Project("{8BC9CEB8-8B4A-11D0-8D11-00A0C91BC942}") = "MatroskaSplitter", "filters\parser\matroskasplitter\MatroskaSplitter.vcproj", "{3F5EA225-F4B7-4413-AEB3-4E4E5751E438}"
	ProjectSection(ProjectDependencies) = postProject
		{37768B3F-89BC-4C16-B2A8-767C5DA84C3F} = {37768B3F-89BC-4C16-B2A8-767C5DA84C3F}
		{2FCD4B66-9CF9-4C8F-BC70-37CD20002D49} = {2FCD4B66-9CF9-4C8F-BC70-37CD20002D49}
	EndProjectSection
EndProject
Project("{8BC9CEB8-8B4A-11D0-8D11-00A0C91BC942}") = "RealMediaSplitter", "filters\parser\realmediasplitter\RealMediaSplitter.vcproj", "{53CF9195-19DB-457D-8F55-8DB1706DFA84}"
	ProjectSection(ProjectDependencies) = postProject
		{54DDA60F-E528-4D07-A152-960A1E818680} = {54DDA60F-E528-4D07-A152-960A1E818680}
		{37768B3F-89BC-4C16-B2A8-767C5DA84C3F} = {37768B3F-89BC-4C16-B2A8-767C5DA84C3F}
	EndProjectSection
EndProject
Project("{8BC9CEB8-8B4A-11D0-8D11-00A0C91BC942}") = "MP4Splitter", "filters\parser\mp4splitter\MP4Splitter.vcproj", "{9ED4B036-7399-4128-868D-6E71188E0277}"
	ProjectSection(ProjectDependencies) = postProject
		{37768B3F-89BC-4C16-B2A8-767C5DA84C3F} = {37768B3F-89BC-4C16-B2A8-767C5DA84C3F}
	EndProjectSection
EndProject
Project("{8BC9CEB8-8B4A-11D0-8D11-00A0C91BC942}") = "basesplitter", "filters\parser\basesplitter\basesplitter.vcproj", "{37768B3F-89BC-4C16-B2A8-767C5DA84C3F}"
	ProjectSection(ProjectDependencies) = postProject
		{273B3149-3192-4B75-A791-470320B90812} = {273B3149-3192-4B75-A791-470320B90812}
		{FC70988B-1AE5-4381-866D-4F405E28AC42} = {FC70988B-1AE5-4381-866D-4F405E28AC42}
		{E8A3F6FA-AE1C-4C8E-A0B6-9C8480324EAA} = {E8A3F6FA-AE1C-4C8E-A0B6-9C8480324EAA}
	EndProjectSection
EndProject
Project("{2150E333-8FDC-42A3-9474-1A3956D46DE8}") = "Transform", "Transform", "{C2C18B0A-4AD2-4A7B-8954-EFEE8F963C82}"
EndProject
Project("{8BC9CEB8-8B4A-11D0-8D11-00A0C91BC942}") = "basevideofilter", "filters\transform\basevideofilter\basevideofilter.vcproj", "{54DDA60F-E528-4D07-A152-960A1E818680}"
	ProjectSection(ProjectDependencies) = postProject
		{273B3149-3192-4B75-A791-470320B90812} = {273B3149-3192-4B75-A791-470320B90812}
		{FC70988B-1AE5-4381-866D-4F405E28AC42} = {FC70988B-1AE5-4381-866D-4F405E28AC42}
		{E8A3F6FA-AE1C-4C8E-A0B6-9C8480324EAA} = {E8A3F6FA-AE1C-4C8E-A0B6-9C8480324EAA}
	EndProjectSection
EndProject
Project("{8BC9CEB8-8B4A-11D0-8D11-00A0C91BC942}") = "MpaDecFilter", "filters\transform\mpadecfilter\MpaDecFilter.vcproj", "{4421516D-10A6-41C1-ADF3-099573BBB0C6}"
	ProjectSection(ProjectDependencies) = postProject
		{D8365C15-2166-4DB6-8A2D-1C8F0239EB18} = {D8365C15-2166-4DB6-8A2D-1C8F0239EB18}
		{1A2DFD1A-3C6C-44D1-909D-294AF646B575} = {1A2DFD1A-3C6C-44D1-909D-294AF646B575}
		{273B3149-3192-4B75-A791-470320B90812} = {273B3149-3192-4B75-A791-470320B90812}
		{A7134255-DFF3-42F7-9BC2-FAC6E71CFFAE} = {A7134255-DFF3-42F7-9BC2-FAC6E71CFFAE}
		{4CEFBC84-C215-11DB-8314-0800200C9A66} = {4CEFBC84-C215-11DB-8314-0800200C9A66}
		{FC70988B-1AE5-4381-866D-4F405E28AC42} = {FC70988B-1AE5-4381-866D-4F405E28AC42}
		{62FE6D94-E17C-4A8E-8D3C-7A589A70D865} = {62FE6D94-E17C-4A8E-8D3C-7A589A70D865}
		{5EFCFACB-1835-422C-ACDA-E3B3A2F51387} = {5EFCFACB-1835-422C-ACDA-E3B3A2F51387}
		{E8A3F6FA-AE1C-4C8E-A0B6-9C8480324EAA} = {E8A3F6FA-AE1C-4C8E-A0B6-9C8480324EAA}
		{54F609FD-A8CE-43CF-94AD-23E877B97C13} = {54F609FD-A8CE-43CF-94AD-23E877B97C13}
	EndProjectSection
EndProject
Project("{8BC9CEB8-8B4A-11D0-8D11-00A0C91BC942}") = "MPCVideoDec", "filters\transform\mpcvideodec\MPCVideoDec.vcproj", "{58E36BF5-4A06-47E4-BD40-4CCEF8C634DF}"
	ProjectSection(ProjectDependencies) = postProject
		{54DDA60F-E528-4D07-A152-960A1E818680} = {54DDA60F-E528-4D07-A152-960A1E818680}
		{5CAF881C-9349-4EE2-9697-982C10795033} = {5CAF881C-9349-4EE2-9697-982C10795033}
	EndProjectSection
EndProject
Project("{8BC9CEB8-8B4A-11D0-8D11-00A0C91BC942}") = "libavcodec", "filters\transform\mpcvideodec\ffmpeg\libavcodec.vcproj", "{5CAF881C-9349-4EE2-9697-982C10795033}"
EndProject
Project("{8BC9CEB8-8B4A-11D0-8D11-00A0C91BC942}") = "liba52", "filters\transform\mpadecfilter\a52dec-0.7.4\vc++\liba52.vcproj", "{62FE6D94-E17C-4A8E-8D3C-7A589A70D865}"
EndProject
Project("{8BC9CEB8-8B4A-11D0-8D11-00A0C91BC942}") = "libdts", "filters\transform\mpadecfilter\dtsdec-0.0.1\vc++\libdts.vcproj", "{54F609FD-A8CE-43CF-94AD-23E877B97C13}"
EndProject
Project("{8BC9CEB8-8B4A-11D0-8D11-00A0C91BC942}") = "libfaad", "filters\transform\mpadecfilter\faad2\libfaad\libfaad.vcproj", "{5EFCFACB-1835-422C-ACDA-E3B3A2F51387}"
EndProject
Project("{8BC9CEB8-8B4A-11D0-8D11-00A0C91BC942}") = "libflac", "filters\transform\mpadecfilter\libflac\src\libFLAC\libflac.vcproj", "{4CEFBC84-C215-11DB-8314-0800200C9A66}"
EndProject
Project("{8BC9CEB8-8B4A-11D0-8D11-00A0C91BC942}") = "libmad", "filters\transform\mpadecfilter\libmad-0.15.0b\msvc++\libmad.vcproj", "{D8365C15-2166-4DB6-8A2D-1C8F0239EB18}"
EndProject
Project("{8BC9CEB8-8B4A-11D0-8D11-00A0C91BC942}") = "libvorbisidec", "filters\transform\mpadecfilter\libvorbisidec\libvorbisidec.vcproj", "{A7134255-DFF3-42F7-9BC2-FAC6E71CFFAE}"
EndProject
Project("{8BC9CEB8-8B4A-11D0-8D11-00A0C91BC942}") = "BaseClasses", "filters\BaseClasses\baseclasses.vcproj", "{E8A3F6FA-AE1C-4C8E-A0B6-9C8480324EAA}"
EndProject
Project("{2150E333-8FDC-42A3-9474-1A3956D46DE8}") = "Filters", "Filters", "{B45E913B-C18D-46E6-8349-3ECE5172F722}"
EndProject
Project("{2150E333-8FDC-42A3-9474-1A3956D46DE8}") = "Switcher", "Switcher", "{32FE2BB9-9354-4263-B2A4-FE23A910DE1D}"
EndProject
Project("{8BC9CEB8-8B4A-11D0-8D11-00A0C91BC942}") = "audioswitcher", "filters\switcher\audioswitcher\audioswitcher.vcproj", "{D8DB3E7E-D50E-4EC3-A9B9-DAD18F5FE466}"
	ProjectSection(ProjectDependencies) = postProject
		{273B3149-3192-4B75-A791-470320B90812} = {273B3149-3192-4B75-A791-470320B90812}
		{FC70988B-1AE5-4381-866D-4F405E28AC42} = {FC70988B-1AE5-4381-866D-4F405E28AC42}
		{E8A3F6FA-AE1C-4C8E-A0B6-9C8480324EAA} = {E8A3F6FA-AE1C-4C8E-A0B6-9C8480324EAA}
	EndProjectSection
EndProject
Project("{8BC9CEB8-8B4A-11D0-8D11-00A0C91BC942}") = "dsutil", "dsutil\dsutil.vcproj", "{FC70988B-1AE5-4381-866D-4F405E28AC42}"
EndProject
Project("{8BC9CEB8-8B4A-11D0-8D11-00A0C91BC942}") = "FLVSplitter", "filters\parser\flvsplitter\FLVSplitter.vcproj", "{E62223EF-8263-41EB-8174-CD78BBEEF368}"
	ProjectSection(ProjectDependencies) = postProject
		{37768B3F-89BC-4C16-B2A8-767C5DA84C3F} = {37768B3F-89BC-4C16-B2A8-767C5DA84C3F}
	EndProjectSection
EndProject
Project("{8BC9CEB8-8B4A-11D0-8D11-00A0C91BC942}") = "zlib", "zlib\zlib.vcproj", "{2FCD4B66-9CF9-4C8F-BC70-37CD20002D49}"
EndProject
Project("{2150E333-8FDC-42A3-9474-1A3956D46DE8}") = "Dependencies", "Dependencies", "{FB0353AB-A44C-4E2B-862A-6773F4E13BAC}"
EndProject
Project("{8BC9CEB8-8B4A-11D0-8D11-00A0C91BC942}") = "decss", "decss\decss.vcproj", "{1A2DFD1A-3C6C-44D1-909D-294AF646B575}"
EndProject
Project("{8BC9CEB8-8B4A-11D0-8D11-00A0C91BC942}") = "filters", "filters\filters.vcproj", "{273B3149-3192-4B75-A791-470320B90812}"
EndProject
Global
	GlobalSection(SolutionConfigurationPlatforms) = preSolution
		Debug Unicode lib|Win32 = Debug Unicode lib|Win32
		Debug Unicode|Win32 = Debug Unicode|Win32
		Debug|Win32 = Debug|Win32
		Release Unicode lib|Win32 = Release Unicode lib|Win32
		Release Unicode|Win32 = Release Unicode|Win32
		Release|Win32 = Release|Win32
	EndGlobalSection
	GlobalSection(ProjectConfigurationPlatforms) = postSolution
		{ED60967A-7A4D-4A9D-BA74-1CC5AB3BDABB}.Debug Unicode lib|Win32.ActiveCfg = Debug|Win32
		{ED60967A-7A4D-4A9D-BA74-1CC5AB3BDABB}.Debug Unicode lib|Win32.Build.0 = Debug|Win32
		{ED60967A-7A4D-4A9D-BA74-1CC5AB3BDABB}.Debug Unicode|Win32.ActiveCfg = Debug|Win32
		{ED60967A-7A4D-4A9D-BA74-1CC5AB3BDABB}.Debug Unicode|Win32.Build.0 = Debug|Win32
		{ED60967A-7A4D-4A9D-BA74-1CC5AB3BDABB}.Debug|Win32.ActiveCfg = Debug|Win32
		{ED60967A-7A4D-4A9D-BA74-1CC5AB3BDABB}.Debug|Win32.Build.0 = Debug|Win32
		{ED60967A-7A4D-4A9D-BA74-1CC5AB3BDABB}.Release Unicode lib|Win32.ActiveCfg = Release|Win32
		{ED60967A-7A4D-4A9D-BA74-1CC5AB3BDABB}.Release Unicode lib|Win32.Build.0 = Release|Win32
		{ED60967A-7A4D-4A9D-BA74-1CC5AB3BDABB}.Release Unicode|Win32.ActiveCfg = Release|Win32
		{ED60967A-7A4D-4A9D-BA74-1CC5AB3BDABB}.Release Unicode|Win32.Build.0 = Release|Win32
		{ED60967A-7A4D-4A9D-BA74-1CC5AB3BDABB}.Release|Win32.ActiveCfg = Release|Win32
		{ED60967A-7A4D-4A9D-BA74-1CC5AB3BDABB}.Release|Win32.Build.0 = Release|Win32
		{9738B023-FC46-48A2-953A-0035FD897678}.Debug Unicode lib|Win32.ActiveCfg = Debug Unicode lib|Win32
		{9738B023-FC46-48A2-953A-0035FD897678}.Debug Unicode lib|Win32.Build.0 = Debug Unicode lib|Win32
		{9738B023-FC46-48A2-953A-0035FD897678}.Debug Unicode|Win32.ActiveCfg = Debug Unicode|Win32
		{9738B023-FC46-48A2-953A-0035FD897678}.Debug Unicode|Win32.Build.0 = Debug Unicode|Win32
		{9738B023-FC46-48A2-953A-0035FD897678}.Debug|Win32.ActiveCfg = Debug Unicode lib|Win32
		{9738B023-FC46-48A2-953A-0035FD897678}.Debug|Win32.Build.0 = Debug Unicode lib|Win32
		{9738B023-FC46-48A2-953A-0035FD897678}.Release Unicode lib|Win32.ActiveCfg = Release Unicode lib|Win32
		{9738B023-FC46-48A2-953A-0035FD897678}.Release Unicode lib|Win32.Build.0 = Release Unicode lib|Win32
		{9738B023-FC46-48A2-953A-0035FD897678}.Release Unicode|Win32.ActiveCfg = Release Unicode|Win32
		{9738B023-FC46-48A2-953A-0035FD897678}.Release Unicode|Win32.Build.0 = Release Unicode|Win32
		{9738B023-FC46-48A2-953A-0035FD897678}.Release|Win32.ActiveCfg = Release Unicode|Win32
		{9738B023-FC46-48A2-953A-0035FD897678}.Release|Win32.Build.0 = Release Unicode|Win32
		{3F5EA225-F4B7-4413-AEB3-4E4E5751E438}.Debug Unicode lib|Win32.ActiveCfg = Debug Unicode lib|Win32
		{3F5EA225-F4B7-4413-AEB3-4E4E5751E438}.Debug Unicode lib|Win32.Build.0 = Debug Unicode lib|Win32
		{3F5EA225-F4B7-4413-AEB3-4E4E5751E438}.Debug Unicode|Win32.ActiveCfg = Debug Unicode|Win32
		{3F5EA225-F4B7-4413-AEB3-4E4E5751E438}.Debug Unicode|Win32.Build.0 = Debug Unicode|Win32
		{3F5EA225-F4B7-4413-AEB3-4E4E5751E438}.Debug|Win32.ActiveCfg = Debug Unicode lib|Win32
		{3F5EA225-F4B7-4413-AEB3-4E4E5751E438}.Debug|Win32.Build.0 = Debug Unicode lib|Win32
		{3F5EA225-F4B7-4413-AEB3-4E4E5751E438}.Release Unicode lib|Win32.ActiveCfg = Release Unicode lib|Win32
		{3F5EA225-F4B7-4413-AEB3-4E4E5751E438}.Release Unicode lib|Win32.Build.0 = Release Unicode lib|Win32
		{3F5EA225-F4B7-4413-AEB3-4E4E5751E438}.Release Unicode|Win32.ActiveCfg = Release Unicode|Win32
		{3F5EA225-F4B7-4413-AEB3-4E4E5751E438}.Release Unicode|Win32.Build.0 = Release Unicode|Win32
		{3F5EA225-F4B7-4413-AEB3-4E4E5751E438}.Release|Win32.ActiveCfg = Release Unicode|Win32
		{3F5EA225-F4B7-4413-AEB3-4E4E5751E438}.Release|Win32.Build.0 = Release Unicode|Win32
		{53CF9195-19DB-457D-8F55-8DB1706DFA84}.Debug Unicode lib|Win32.ActiveCfg = Debug Unicode lib|Win32
		{53CF9195-19DB-457D-8F55-8DB1706DFA84}.Debug Unicode lib|Win32.Build.0 = Debug Unicode lib|Win32
		{53CF9195-19DB-457D-8F55-8DB1706DFA84}.Debug Unicode|Win32.ActiveCfg = Debug Unicode|Win32
		{53CF9195-19DB-457D-8F55-8DB1706DFA84}.Debug Unicode|Win32.Build.0 = Debug Unicode|Win32
		{53CF9195-19DB-457D-8F55-8DB1706DFA84}.Debug|Win32.ActiveCfg = Debug Unicode lib|Win32
		{53CF9195-19DB-457D-8F55-8DB1706DFA84}.Debug|Win32.Build.0 = Debug Unicode lib|Win32
		{53CF9195-19DB-457D-8F55-8DB1706DFA84}.Release Unicode lib|Win32.ActiveCfg = Release Unicode lib|Win32
		{53CF9195-19DB-457D-8F55-8DB1706DFA84}.Release Unicode lib|Win32.Build.0 = Release Unicode lib|Win32
		{53CF9195-19DB-457D-8F55-8DB1706DFA84}.Release Unicode|Win32.ActiveCfg = Release Unicode|Win32
		{53CF9195-19DB-457D-8F55-8DB1706DFA84}.Release Unicode|Win32.Build.0 = Release Unicode|Win32
		{53CF9195-19DB-457D-8F55-8DB1706DFA84}.Release|Win32.ActiveCfg = Release Unicode|Win32
		{53CF9195-19DB-457D-8F55-8DB1706DFA84}.Release|Win32.Build.0 = Release Unicode|Win32
		{9ED4B036-7399-4128-868D-6E71188E0277}.Debug Unicode lib|Win32.ActiveCfg = Debug Unicode lib|Win32
		{9ED4B036-7399-4128-868D-6E71188E0277}.Debug Unicode lib|Win32.Build.0 = Debug Unicode lib|Win32
		{9ED4B036-7399-4128-868D-6E71188E0277}.Debug Unicode|Win32.ActiveCfg = Debug Unicode|Win32
		{9ED4B036-7399-4128-868D-6E71188E0277}.Debug Unicode|Win32.Build.0 = Debug Unicode|Win32
		{9ED4B036-7399-4128-868D-6E71188E0277}.Debug|Win32.ActiveCfg = Debug Unicode lib|Win32
		{9ED4B036-7399-4128-868D-6E71188E0277}.Debug|Win32.Build.0 = Debug Unicode lib|Win32
		{9ED4B036-7399-4128-868D-6E71188E0277}.Release Unicode lib|Win32.ActiveCfg = Release Unicode lib|Win32
		{9ED4B036-7399-4128-868D-6E71188E0277}.Release Unicode lib|Win32.Build.0 = Release Unicode lib|Win32
		{9ED4B036-7399-4128-868D-6E71188E0277}.Release Unicode|Win32.ActiveCfg = Release Unicode|Win32
		{9ED4B036-7399-4128-868D-6E71188E0277}.Release Unicode|Win32.Build.0 = Release Unicode|Win32
		{9ED4B036-7399-4128-868D-6E71188E0277}.Release|Win32.ActiveCfg = Release Unicode|Win32
		{9ED4B036-7399-4128-868D-6E71188E0277}.Release|Win32.Build.0 = Release Unicode|Win32
		{37768B3F-89BC-4C16-B2A8-767C5DA84C3F}.Debug Unicode lib|Win32.ActiveCfg = Debug Unicode lib|Win32
		{37768B3F-89BC-4C16-B2A8-767C5DA84C3F}.Debug Unicode lib|Win32.Build.0 = Debug Unicode lib|Win32
		{37768B3F-89BC-4C16-B2A8-767C5DA84C3F}.Debug Unicode|Win32.ActiveCfg = Debug Unicode lib|Win32
		{37768B3F-89BC-4C16-B2A8-767C5DA84C3F}.Debug Unicode|Win32.Build.0 = Debug Unicode lib|Win32
		{37768B3F-89BC-4C16-B2A8-767C5DA84C3F}.Debug|Win32.ActiveCfg = Debug Unicode lib|Win32
		{37768B3F-89BC-4C16-B2A8-767C5DA84C3F}.Debug|Win32.Build.0 = Debug Unicode lib|Win32
		{37768B3F-89BC-4C16-B2A8-767C5DA84C3F}.Release Unicode lib|Win32.ActiveCfg = Release Unicode lib|Win32
		{37768B3F-89BC-4C16-B2A8-767C5DA84C3F}.Release Unicode lib|Win32.Build.0 = Release Unicode lib|Win32
		{37768B3F-89BC-4C16-B2A8-767C5DA84C3F}.Release Unicode|Win32.ActiveCfg = Release Unicode lib|Win32
		{37768B3F-89BC-4C16-B2A8-767C5DA84C3F}.Release Unicode|Win32.Build.0 = Release Unicode lib|Win32
		{37768B3F-89BC-4C16-B2A8-767C5DA84C3F}.Release|Win32.ActiveCfg = Release Unicode lib|Win32
		{37768B3F-89BC-4C16-B2A8-767C5DA84C3F}.Release|Win32.Build.0 = Release Unicode lib|Win32
		{54DDA60F-E528-4D07-A152-960A1E818680}.Debug Unicode lib|Win32.ActiveCfg = Debug Unicode lib|Win32
		{54DDA60F-E528-4D07-A152-960A1E818680}.Debug Unicode lib|Win32.Build.0 = Debug Unicode lib|Win32
		{54DDA60F-E528-4D07-A152-960A1E818680}.Debug Unicode|Win32.ActiveCfg = Debug Unicode lib|Win32
		{54DDA60F-E528-4D07-A152-960A1E818680}.Debug Unicode|Win32.Build.0 = Debug Unicode lib|Win32
		{54DDA60F-E528-4D07-A152-960A1E818680}.Debug|Win32.ActiveCfg = Debug Unicode lib|Win32
		{54DDA60F-E528-4D07-A152-960A1E818680}.Debug|Win32.Build.0 = Debug Unicode lib|Win32
		{54DDA60F-E528-4D07-A152-960A1E818680}.Release Unicode lib|Win32.ActiveCfg = Release Unicode lib|Win32
		{54DDA60F-E528-4D07-A152-960A1E818680}.Release Unicode lib|Win32.Build.0 = Release Unicode lib|Win32
		{54DDA60F-E528-4D07-A152-960A1E818680}.Release Unicode|Win32.ActiveCfg = Release Unicode lib|Win32
		{54DDA60F-E528-4D07-A152-960A1E818680}.Release Unicode|Win32.Build.0 = Release Unicode lib|Win32
		{54DDA60F-E528-4D07-A152-960A1E818680}.Release|Win32.ActiveCfg = Release Unicode lib|Win32
		{54DDA60F-E528-4D07-A152-960A1E818680}.Release|Win32.Build.0 = Release Unicode lib|Win32
		{4421516D-10A6-41C1-ADF3-099573BBB0C6}.Debug Unicode lib|Win32.ActiveCfg = Debug Unicode lib|Win32
		{4421516D-10A6-41C1-ADF3-099573BBB0C6}.Debug Unicode lib|Win32.Build.0 = Debug Unicode lib|Win32
		{4421516D-10A6-41C1-ADF3-099573BBB0C6}.Debug Unicode|Win32.ActiveCfg = Debug Unicode|Win32
		{4421516D-10A6-41C1-ADF3-099573BBB0C6}.Debug Unicode|Win32.Build.0 = Debug Unicode|Win32
		{4421516D-10A6-41C1-ADF3-099573BBB0C6}.Debug|Win32.ActiveCfg = Debug Unicode lib|Win32
		{4421516D-10A6-41C1-ADF3-099573BBB0C6}.Debug|Win32.Build.0 = Debug Unicode lib|Win32
		{4421516D-10A6-41C1-ADF3-099573BBB0C6}.Release Unicode lib|Win32.ActiveCfg = Release Unicode lib|Win32
		{4421516D-10A6-41C1-ADF3-099573BBB0C6}.Release Unicode lib|Win32.Build.0 = Release Unicode lib|Win32
		{4421516D-10A6-41C1-ADF3-099573BBB0C6}.Release Unicode|Win32.ActiveCfg = Release Unicode|Win32
		{4421516D-10A6-41C1-ADF3-099573BBB0C6}.Release Unicode|Win32.Build.0 = Release Unicode|Win32
		{4421516D-10A6-41C1-ADF3-099573BBB0C6}.Release|Win32.ActiveCfg = Release Unicode lib|Win32
		{4421516D-10A6-41C1-ADF3-099573BBB0C6}.Release|Win32.Build.0 = Release Unicode lib|Win32
		{58E36BF5-4A06-47E4-BD40-4CCEF8C634DF}.Debug Unicode lib|Win32.ActiveCfg = Debug Unicode lib|Win32
		{58E36BF5-4A06-47E4-BD40-4CCEF8C634DF}.Debug Unicode lib|Win32.Build.0 = Debug Unicode lib|Win32
		{58E36BF5-4A06-47E4-BD40-4CCEF8C634DF}.Debug Unicode|Win32.ActiveCfg = Debug Unicode|Win32
		{58E36BF5-4A06-47E4-BD40-4CCEF8C634DF}.Debug Unicode|Win32.Build.0 = Debug Unicode|Win32
		{58E36BF5-4A06-47E4-BD40-4CCEF8C634DF}.Debug|Win32.ActiveCfg = Debug Unicode lib|Win32
		{58E36BF5-4A06-47E4-BD40-4CCEF8C634DF}.Debug|Win32.Build.0 = Debug Unicode lib|Win32
		{58E36BF5-4A06-47E4-BD40-4CCEF8C634DF}.Release Unicode lib|Win32.ActiveCfg = Release Unicode lib|Win32
		{58E36BF5-4A06-47E4-BD40-4CCEF8C634DF}.Release Unicode lib|Win32.Build.0 = Release Unicode lib|Win32
		{58E36BF5-4A06-47E4-BD40-4CCEF8C634DF}.Release Unicode|Win32.ActiveCfg = Release Unicode|Win32
		{58E36BF5-4A06-47E4-BD40-4CCEF8C634DF}.Release Unicode|Win32.Build.0 = Release Unicode|Win32
		{58E36BF5-4A06-47E4-BD40-4CCEF8C634DF}.Release|Win32.ActiveCfg = Release Unicode lib|Win32
		{58E36BF5-4A06-47E4-BD40-4CCEF8C634DF}.Release|Win32.Build.0 = Release Unicode lib|Win32
		{5CAF881C-9349-4EE2-9697-982C10795033}.Debug Unicode lib|Win32.ActiveCfg = Debug|Win32
		{5CAF881C-9349-4EE2-9697-982C10795033}.Debug Unicode lib|Win32.Build.0 = Debug|Win32
		{5CAF881C-9349-4EE2-9697-982C10795033}.Debug Unicode|Win32.ActiveCfg = Debug|Win32
		{5CAF881C-9349-4EE2-9697-982C10795033}.Debug Unicode|Win32.Build.0 = Debug|Win32
		{5CAF881C-9349-4EE2-9697-982C10795033}.Debug|Win32.ActiveCfg = Debug|Win32
		{5CAF881C-9349-4EE2-9697-982C10795033}.Debug|Win32.Build.0 = Debug|Win32
		{5CAF881C-9349-4EE2-9697-982C10795033}.Release Unicode lib|Win32.ActiveCfg = Release|Win32
		{5CAF881C-9349-4EE2-9697-982C10795033}.Release Unicode lib|Win32.Build.0 = Release|Win32
		{5CAF881C-9349-4EE2-9697-982C10795033}.Release Unicode|Win32.ActiveCfg = Release|Win32
		{5CAF881C-9349-4EE2-9697-982C10795033}.Release Unicode|Win32.Build.0 = Release|Win32
		{5CAF881C-9349-4EE2-9697-982C10795033}.Release|Win32.ActiveCfg = Release|Win32
		{5CAF881C-9349-4EE2-9697-982C10795033}.Release|Win32.Build.0 = Release|Win32
		{62FE6D94-E17C-4A8E-8D3C-7A589A70D865}.Debug Unicode lib|Win32.ActiveCfg = Debug|Win32
		{62FE6D94-E17C-4A8E-8D3C-7A589A70D865}.Debug Unicode lib|Win32.Build.0 = Debug|Win32
		{62FE6D94-E17C-4A8E-8D3C-7A589A70D865}.Debug Unicode|Win32.ActiveCfg = Debug|Win32
		{62FE6D94-E17C-4A8E-8D3C-7A589A70D865}.Debug Unicode|Win32.Build.0 = Debug|Win32
		{62FE6D94-E17C-4A8E-8D3C-7A589A70D865}.Debug|Win32.ActiveCfg = Debug|Win32
		{62FE6D94-E17C-4A8E-8D3C-7A589A70D865}.Debug|Win32.Build.0 = Debug|Win32
		{62FE6D94-E17C-4A8E-8D3C-7A589A70D865}.Release Unicode lib|Win32.ActiveCfg = Release|Win32
		{62FE6D94-E17C-4A8E-8D3C-7A589A70D865}.Release Unicode lib|Win32.Build.0 = Release|Win32
		{62FE6D94-E17C-4A8E-8D3C-7A589A70D865}.Release Unicode|Win32.ActiveCfg = Release|Win32
		{62FE6D94-E17C-4A8E-8D3C-7A589A70D865}.Release Unicode|Win32.Build.0 = Release|Win32
		{62FE6D94-E17C-4A8E-8D3C-7A589A70D865}.Release|Win32.ActiveCfg = Release|Win32
		{62FE6D94-E17C-4A8E-8D3C-7A589A70D865}.Release|Win32.Build.0 = Release|Win32
		{54F609FD-A8CE-43CF-94AD-23E877B97C13}.Debug Unicode lib|Win32.ActiveCfg = Debug|Win32
		{54F609FD-A8CE-43CF-94AD-23E877B97C13}.Debug Unicode lib|Win32.Build.0 = Debug|Win32
		{54F609FD-A8CE-43CF-94AD-23E877B97C13}.Debug Unicode|Win32.ActiveCfg = Debug|Win32
		{54F609FD-A8CE-43CF-94AD-23E877B97C13}.Debug Unicode|Win32.Build.0 = Debug|Win32
		{54F609FD-A8CE-43CF-94AD-23E877B97C13}.Debug|Win32.ActiveCfg = Debug|Win32
		{54F609FD-A8CE-43CF-94AD-23E877B97C13}.Debug|Win32.Build.0 = Debug|Win32
		{54F609FD-A8CE-43CF-94AD-23E877B97C13}.Release Unicode lib|Win32.ActiveCfg = Release|Win32
		{54F609FD-A8CE-43CF-94AD-23E877B97C13}.Release Unicode lib|Win32.Build.0 = Release|Win32
		{54F609FD-A8CE-43CF-94AD-23E877B97C13}.Release Unicode|Win32.ActiveCfg = Release|Win32
		{54F609FD-A8CE-43CF-94AD-23E877B97C13}.Release Unicode|Win32.Build.0 = Release|Win32
		{54F609FD-A8CE-43CF-94AD-23E877B97C13}.Release|Win32.ActiveCfg = Release|Win32
		{54F609FD-A8CE-43CF-94AD-23E877B97C13}.Release|Win32.Build.0 = Release|Win32
		{5EFCFACB-1835-422C-ACDA-E3B3A2F51387}.Debug Unicode lib|Win32.ActiveCfg = Debug|Win32
		{5EFCFACB-1835-422C-ACDA-E3B3A2F51387}.Debug Unicode lib|Win32.Build.0 = Debug|Win32
		{5EFCFACB-1835-422C-ACDA-E3B3A2F51387}.Debug Unicode|Win32.ActiveCfg = Debug|Win32
		{5EFCFACB-1835-422C-ACDA-E3B3A2F51387}.Debug Unicode|Win32.Build.0 = Debug|Win32
		{5EFCFACB-1835-422C-ACDA-E3B3A2F51387}.Debug|Win32.ActiveCfg = Debug|Win32
		{5EFCFACB-1835-422C-ACDA-E3B3A2F51387}.Debug|Win32.Build.0 = Debug|Win32
		{5EFCFACB-1835-422C-ACDA-E3B3A2F51387}.Release Unicode lib|Win32.ActiveCfg = Release|Win32
		{5EFCFACB-1835-422C-ACDA-E3B3A2F51387}.Release Unicode lib|Win32.Build.0 = Release|Win32
		{5EFCFACB-1835-422C-ACDA-E3B3A2F51387}.Release Unicode|Win32.ActiveCfg = Release|Win32
		{5EFCFACB-1835-422C-ACDA-E3B3A2F51387}.Release Unicode|Win32.Build.0 = Release|Win32
		{5EFCFACB-1835-422C-ACDA-E3B3A2F51387}.Release|Win32.ActiveCfg = Release|Win32
		{5EFCFACB-1835-422C-ACDA-E3B3A2F51387}.Release|Win32.Build.0 = Release|Win32
		{4CEFBC84-C215-11DB-8314-0800200C9A66}.Debug Unicode lib|Win32.ActiveCfg = Debug|Win32
		{4CEFBC84-C215-11DB-8314-0800200C9A66}.Debug Unicode lib|Win32.Build.0 = Debug|Win32
		{4CEFBC84-C215-11DB-8314-0800200C9A66}.Debug Unicode|Win32.ActiveCfg = Debug|Win32
		{4CEFBC84-C215-11DB-8314-0800200C9A66}.Debug Unicode|Win32.Build.0 = Debug|Win32
		{4CEFBC84-C215-11DB-8314-0800200C9A66}.Debug|Win32.ActiveCfg = Debug|Win32
		{4CEFBC84-C215-11DB-8314-0800200C9A66}.Debug|Win32.Build.0 = Debug|Win32
		{4CEFBC84-C215-11DB-8314-0800200C9A66}.Release Unicode lib|Win32.ActiveCfg = Release|Win32
		{4CEFBC84-C215-11DB-8314-0800200C9A66}.Release Unicode lib|Win32.Build.0 = Release|Win32
		{4CEFBC84-C215-11DB-8314-0800200C9A66}.Release Unicode|Win32.ActiveCfg = Release|Win32
		{4CEFBC84-C215-11DB-8314-0800200C9A66}.Release Unicode|Win32.Build.0 = Release|Win32
		{4CEFBC84-C215-11DB-8314-0800200C9A66}.Release|Win32.ActiveCfg = Release|Win32
		{4CEFBC84-C215-11DB-8314-0800200C9A66}.Release|Win32.Build.0 = Release|Win32
		{D8365C15-2166-4DB6-8A2D-1C8F0239EB18}.Debug Unicode lib|Win32.ActiveCfg = Debug|Win32
		{D8365C15-2166-4DB6-8A2D-1C8F0239EB18}.Debug Unicode lib|Win32.Build.0 = Debug|Win32
		{D8365C15-2166-4DB6-8A2D-1C8F0239EB18}.Debug Unicode|Win32.ActiveCfg = Debug|Win32
		{D8365C15-2166-4DB6-8A2D-1C8F0239EB18}.Debug Unicode|Win32.Build.0 = Debug|Win32
		{D8365C15-2166-4DB6-8A2D-1C8F0239EB18}.Debug|Win32.ActiveCfg = Debug|Win32
		{D8365C15-2166-4DB6-8A2D-1C8F0239EB18}.Debug|Win32.Build.0 = Debug|Win32
		{D8365C15-2166-4DB6-8A2D-1C8F0239EB18}.Release Unicode lib|Win32.ActiveCfg = Release|Win32
		{D8365C15-2166-4DB6-8A2D-1C8F0239EB18}.Release Unicode lib|Win32.Build.0 = Release|Win32
		{D8365C15-2166-4DB6-8A2D-1C8F0239EB18}.Release Unicode|Win32.ActiveCfg = Release|Win32
		{D8365C15-2166-4DB6-8A2D-1C8F0239EB18}.Release Unicode|Win32.Build.0 = Release|Win32
		{D8365C15-2166-4DB6-8A2D-1C8F0239EB18}.Release|Win32.ActiveCfg = Release|Win32
		{D8365C15-2166-4DB6-8A2D-1C8F0239EB18}.Release|Win32.Build.0 = Release|Win32
		{A7134255-DFF3-42F7-9BC2-FAC6E71CFFAE}.Debug Unicode lib|Win32.ActiveCfg = Debug|Win32
		{A7134255-DFF3-42F7-9BC2-FAC6E71CFFAE}.Debug Unicode lib|Win32.Build.0 = Debug|Win32
		{A7134255-DFF3-42F7-9BC2-FAC6E71CFFAE}.Debug Unicode|Win32.ActiveCfg = Debug|Win32
		{A7134255-DFF3-42F7-9BC2-FAC6E71CFFAE}.Debug Unicode|Win32.Build.0 = Debug|Win32
		{A7134255-DFF3-42F7-9BC2-FAC6E71CFFAE}.Debug|Win32.ActiveCfg = Debug|Win32
		{A7134255-DFF3-42F7-9BC2-FAC6E71CFFAE}.Debug|Win32.Build.0 = Debug|Win32
		{A7134255-DFF3-42F7-9BC2-FAC6E71CFFAE}.Release Unicode lib|Win32.ActiveCfg = Release|Win32
		{A7134255-DFF3-42F7-9BC2-FAC6E71CFFAE}.Release Unicode lib|Win32.Build.0 = Release|Win32
		{A7134255-DFF3-42F7-9BC2-FAC6E71CFFAE}.Release Unicode|Win32.ActiveCfg = Release|Win32
		{A7134255-DFF3-42F7-9BC2-FAC6E71CFFAE}.Release Unicode|Win32.Build.0 = Release|Win32
		{A7134255-DFF3-42F7-9BC2-FAC6E71CFFAE}.Release|Win32.ActiveCfg = Release|Win32
		{A7134255-DFF3-42F7-9BC2-FAC6E71CFFAE}.Release|Win32.Build.0 = Release|Win32
		{E8A3F6FA-AE1C-4C8E-A0B6-9C8480324EAA}.Debug Unicode lib|Win32.ActiveCfg = Debug Unicode lib|Win32
		{E8A3F6FA-AE1C-4C8E-A0B6-9C8480324EAA}.Debug Unicode lib|Win32.Build.0 = Debug Unicode lib|Win32
		{E8A3F6FA-AE1C-4C8E-A0B6-9C8480324EAA}.Debug Unicode|Win32.ActiveCfg = Debug Unicode lib|Win32
		{E8A3F6FA-AE1C-4C8E-A0B6-9C8480324EAA}.Debug Unicode|Win32.Build.0 = Debug Unicode lib|Win32
		{E8A3F6FA-AE1C-4C8E-A0B6-9C8480324EAA}.Debug|Win32.ActiveCfg = Debug Unicode lib|Win32
		{E8A3F6FA-AE1C-4C8E-A0B6-9C8480324EAA}.Debug|Win32.Build.0 = Debug Unicode lib|Win32
		{E8A3F6FA-AE1C-4C8E-A0B6-9C8480324EAA}.Release Unicode lib|Win32.ActiveCfg = Release Unicode lib|Win32
		{E8A3F6FA-AE1C-4C8E-A0B6-9C8480324EAA}.Release Unicode lib|Win32.Build.0 = Release Unicode lib|Win32
		{E8A3F6FA-AE1C-4C8E-A0B6-9C8480324EAA}.Release Unicode|Win32.ActiveCfg = Release Unicode lib|Win32
		{E8A3F6FA-AE1C-4C8E-A0B6-9C8480324EAA}.Release Unicode|Win32.Build.0 = Release Unicode lib|Win32
		{E8A3F6FA-AE1C-4C8E-A0B6-9C8480324EAA}.Release|Win32.ActiveCfg = Release|Win32
		{E8A3F6FA-AE1C-4C8E-A0B6-9C8480324EAA}.Release|Win32.Build.0 = Release|Win32
		{D8DB3E7E-D50E-4EC3-A9B9-DAD18F5FE466}.Debug Unicode lib|Win32.ActiveCfg = Debug Unicode lib|Win32
		{D8DB3E7E-D50E-4EC3-A9B9-DAD18F5FE466}.Debug Unicode lib|Win32.Build.0 = Debug Unicode lib|Win32
		{D8DB3E7E-D50E-4EC3-A9B9-DAD18F5FE466}.Debug Unicode|Win32.ActiveCfg = Debug Unicode|Win32
		{D8DB3E7E-D50E-4EC3-A9B9-DAD18F5FE466}.Debug Unicode|Win32.Build.0 = Debug Unicode|Win32
		{D8DB3E7E-D50E-4EC3-A9B9-DAD18F5FE466}.Debug|Win32.ActiveCfg = Debug Unicode lib|Win32
		{D8DB3E7E-D50E-4EC3-A9B9-DAD18F5FE466}.Debug|Win32.Build.0 = Debug Unicode lib|Win32
		{D8DB3E7E-D50E-4EC3-A9B9-DAD18F5FE466}.Release Unicode lib|Win32.ActiveCfg = Release Unicode lib|Win32
		{D8DB3E7E-D50E-4EC3-A9B9-DAD18F5FE466}.Release Unicode lib|Win32.Build.0 = Release Unicode lib|Win32
		{D8DB3E7E-D50E-4EC3-A9B9-DAD18F5FE466}.Release Unicode|Win32.ActiveCfg = Release Unicode|Win32
		{D8DB3E7E-D50E-4EC3-A9B9-DAD18F5FE466}.Release Unicode|Win32.Build.0 = Release Unicode|Win32
		{D8DB3E7E-D50E-4EC3-A9B9-DAD18F5FE466}.Release|Win32.ActiveCfg = Release Unicode lib|Win32
		{D8DB3E7E-D50E-4EC3-A9B9-DAD18F5FE466}.Release|Win32.Build.0 = Release Unicode lib|Win32
		{FC70988B-1AE5-4381-866D-4F405E28AC42}.Debug Unicode lib|Win32.ActiveCfg = Debug Unicode|Win32
		{FC70988B-1AE5-4381-866D-4F405E28AC42}.Debug Unicode lib|Win32.Build.0 = Debug Unicode|Win32
		{FC70988B-1AE5-4381-866D-4F405E28AC42}.Debug Unicode|Win32.ActiveCfg = Debug Unicode|Win32
		{FC70988B-1AE5-4381-866D-4F405E28AC42}.Debug Unicode|Win32.Build.0 = Debug Unicode|Win32
		{FC70988B-1AE5-4381-866D-4F405E28AC42}.Debug|Win32.ActiveCfg = Debug Unicode|Win32
		{FC70988B-1AE5-4381-866D-4F405E28AC42}.Debug|Win32.Build.0 = Debug Unicode|Win32
		{FC70988B-1AE5-4381-866D-4F405E28AC42}.Release Unicode lib|Win32.ActiveCfg = Release Unicode|Win32
		{FC70988B-1AE5-4381-866D-4F405E28AC42}.Release Unicode lib|Win32.Build.0 = Release Unicode|Win32
		{FC70988B-1AE5-4381-866D-4F405E28AC42}.Release Unicode|Win32.ActiveCfg = Release Unicode|Win32
		{FC70988B-1AE5-4381-866D-4F405E28AC42}.Release Unicode|Win32.Build.0 = Release Unicode|Win32
		{FC70988B-1AE5-4381-866D-4F405E28AC42}.Release|Win32.ActiveCfg = Release Unicode|Win32
		{FC70988B-1AE5-4381-866D-4F405E28AC42}.Release|Win32.Build.0 = Release Unicode|Win32
		{E62223EF-8263-41EB-8174-CD78BBEEF368}.Debug Unicode lib|Win32.ActiveCfg = Debug Unicode lib|Win32
		{E62223EF-8263-41EB-8174-CD78BBEEF368}.Debug Unicode lib|Win32.Build.0 = Debug Unicode lib|Win32
		{E62223EF-8263-41EB-8174-CD78BBEEF368}.Debug Unicode|Win32.ActiveCfg = Debug Unicode|Win32
		{E62223EF-8263-41EB-8174-CD78BBEEF368}.Debug Unicode|Win32.Build.0 = Debug Unicode|Win32
		{E62223EF-8263-41EB-8174-CD78BBEEF368}.Debug|Win32.ActiveCfg = Debug Unicode lib|Win32
		{E62223EF-8263-41EB-8174-CD78BBEEF368}.Debug|Win32.Build.0 = Debug Unicode lib|Win32
		{E62223EF-8263-41EB-8174-CD78BBEEF368}.Release Unicode lib|Win32.ActiveCfg = Release Unicode lib|Win32
		{E62223EF-8263-41EB-8174-CD78BBEEF368}.Release Unicode lib|Win32.Build.0 = Release Unicode lib|Win32
		{E62223EF-8263-41EB-8174-CD78BBEEF368}.Release Unicode|Win32.ActiveCfg = Release Unicode|Win32
		{E62223EF-8263-41EB-8174-CD78BBEEF368}.Release Unicode|Win32.Build.0 = Release Unicode|Win32
		{E62223EF-8263-41EB-8174-CD78BBEEF368}.Release|Win32.ActiveCfg = Release Unicode|Win32
		{E62223EF-8263-41EB-8174-CD78BBEEF368}.Release|Win32.Build.0 = Release Unicode|Win32
		{2FCD4B66-9CF9-4C8F-BC70-37CD20002D49}.Debug Unicode lib|Win32.ActiveCfg = Debug|Win32
		{2FCD4B66-9CF9-4C8F-BC70-37CD20002D49}.Debug Unicode lib|Win32.Build.0 = Debug|Win32
		{2FCD4B66-9CF9-4C8F-BC70-37CD20002D49}.Debug Unicode|Win32.ActiveCfg = Debug|Win32
		{2FCD4B66-9CF9-4C8F-BC70-37CD20002D49}.Debug Unicode|Win32.Build.0 = Debug|Win32
		{2FCD4B66-9CF9-4C8F-BC70-37CD20002D49}.Debug|Win32.ActiveCfg = Debug|Win32
		{2FCD4B66-9CF9-4C8F-BC70-37CD20002D49}.Debug|Win32.Build.0 = Debug|Win32
		{2FCD4B66-9CF9-4C8F-BC70-37CD20002D49}.Release Unicode lib|Win32.ActiveCfg = Release|Win32
		{2FCD4B66-9CF9-4C8F-BC70-37CD20002D49}.Release Unicode lib|Win32.Build.0 = Release|Win32
		{2FCD4B66-9CF9-4C8F-BC70-37CD20002D49}.Release Unicode|Win32.ActiveCfg = Release|Win32
		{2FCD4B66-9CF9-4C8F-BC70-37CD20002D49}.Release Unicode|Win32.Build.0 = Release|Win32
		{2FCD4B66-9CF9-4C8F-BC70-37CD20002D49}.Release|Win32.ActiveCfg = Release|Win32
		{2FCD4B66-9CF9-4C8F-BC70-37CD20002D49}.Release|Win32.Build.0 = Release|Win32
		{1A2DFD1A-3C6C-44D1-909D-294AF646B575}.Debug Unicode lib|Win32.ActiveCfg = Debug Unicode|Win32
		{1A2DFD1A-3C6C-44D1-909D-294AF646B575}.Debug Unicode lib|Win32.Build.0 = Debug Unicode|Win32
		{1A2DFD1A-3C6C-44D1-909D-294AF646B575}.Debug Unicode|Win32.ActiveCfg = Debug Unicode|Win32
		{1A2DFD1A-3C6C-44D1-909D-294AF646B575}.Debug Unicode|Win32.Build.0 = Debug Unicode|Win32
		{1A2DFD1A-3C6C-44D1-909D-294AF646B575}.Debug|Win32.ActiveCfg = Debug Unicode|Win32
		{1A2DFD1A-3C6C-44D1-909D-294AF646B575}.Debug|Win32.Build.0 = Debug Unicode|Win32
		{1A2DFD1A-3C6C-44D1-909D-294AF646B575}.Release Unicode lib|Win32.ActiveCfg = Release Unicode|Win32
		{1A2DFD1A-3C6C-44D1-909D-294AF646B575}.Release Unicode lib|Win32.Build.0 = Release Unicode|Win32
		{1A2DFD1A-3C6C-44D1-909D-294AF646B575}.Release Unicode|Win32.ActiveCfg = Release Unicode|Win32
		{1A2DFD1A-3C6C-44D1-909D-294AF646B575}.Release Unicode|Win32.Build.0 = Release Unicode|Win32
		{1A2DFD1A-3C6C-44D1-909D-294AF646B575}.Release|Win32.ActiveCfg = Release Unicode|Win32
		{1A2DFD1A-3C6C-44D1-909D-294AF646B575}.Release|Win32.Build.0 = Release Unicode|Win32
		{273B3149-3192-4B75-A791-470320B90812}.Debug Unicode lib|Win32.ActiveCfg = Debug Unicode lib|Win32
		{273B3149-3192-4B75-A791-470320B90812}.Debug Unicode lib|Win32.Build.0 = Debug Unicode lib|Win32
		{273B3149-3192-4B75-A791-470320B90812}.Debug Unicode|Win32.ActiveCfg = Debug Unicode lib|Win32
		{273B3149-3192-4B75-A791-470320B90812}.Debug Unicode|Win32.Build.0 = Debug Unicode lib|Win32
		{273B3149-3192-4B75-A791-470320B90812}.Debug|Win32.ActiveCfg = Debug Unicode lib|Win32
		{273B3149-3192-4B75-A791-470320B90812}.Debug|Win32.Build.0 = Debug Unicode lib|Win32
		{273B3149-3192-4B75-A791-470320B90812}.Release Unicode lib|Win32.ActiveCfg = Release Unicode lib|Win32
		{273B3149-3192-4B75-A791-470320B90812}.Release Unicode lib|Win32.Build.0 = Release Unicode lib|Win32
		{273B3149-3192-4B75-A791-470320B90812}.Release Unicode|Win32.ActiveCfg = Release Unicode lib|Win32
		{273B3149-3192-4B75-A791-470320B90812}.Release Unicode|Win32.Build.0 = Release Unicode lib|Win32
		{273B3149-3192-4B75-A791-470320B90812}.Release|Win32.ActiveCfg = Release Unicode lib|Win32
		{273B3149-3192-4B75-A791-470320B90812}.Release|Win32.Build.0 = Release Unicode lib|Win32
	EndGlobalSection
	GlobalSection(SolutionProperties) = preSolution
		HideSolutionNode = FALSE
	EndGlobalSection
	GlobalSection(NestedProjects) = preSolution
		{E2ED463C-291B-45C3-A0BA-0C9BE03DFEB4} = {B45E913B-C18D-46E6-8349-3ECE5172F722}
		{C2C18B0A-4AD2-4A7B-8954-EFEE8F963C82} = {B45E913B-C18D-46E6-8349-3ECE5172F722}
		{32FE2BB9-9354-4263-B2A4-FE23A910DE1D} = {B45E913B-C18D-46E6-8349-3ECE5172F722}
		{3F5EA225-F4B7-4413-AEB3-4E4E5751E438} = {E2ED463C-291B-45C3-A0BA-0C9BE03DFEB4}
		{53CF9195-19DB-457D-8F55-8DB1706DFA84} = {E2ED463C-291B-45C3-A0BA-0C9BE03DFEB4}
		{9ED4B036-7399-4128-868D-6E71188E0277} = {E2ED463C-291B-45C3-A0BA-0C9BE03DFEB4}
		{9738B023-FC46-48A2-953A-0035FD897678} = {E2ED463C-291B-45C3-A0BA-0C9BE03DFEB4}
		{E62223EF-8263-41EB-8174-CD78BBEEF368} = {E2ED463C-291B-45C3-A0BA-0C9BE03DFEB4}
		{4421516D-10A6-41C1-ADF3-099573BBB0C6} = {C2C18B0A-4AD2-4A7B-8954-EFEE8F963C82}
		{58E36BF5-4A06-47E4-BD40-4CCEF8C634DF} = {C2C18B0A-4AD2-4A7B-8954-EFEE8F963C82}
		{D8DB3E7E-D50E-4EC3-A9B9-DAD18F5FE466} = {32FE2BB9-9354-4263-B2A4-FE23A910DE1D}
		{FC70988B-1AE5-4381-866D-4F405E28AC42} = {FB0353AB-A44C-4E2B-862A-6773F4E13BAC}
		{2FCD4B66-9CF9-4C8F-BC70-37CD20002D49} = {FB0353AB-A44C-4E2B-862A-6773F4E13BAC}
		{E8A3F6FA-AE1C-4C8E-A0B6-9C8480324EAA} = {FB0353AB-A44C-4E2B-862A-6773F4E13BAC}
		{5CAF881C-9349-4EE2-9697-982C10795033} = {FB0353AB-A44C-4E2B-862A-6773F4E13BAC}
		{A7134255-DFF3-42F7-9BC2-FAC6E71CFFAE} = {FB0353AB-A44C-4E2B-862A-6773F4E13BAC}
		{62FE6D94-E17C-4A8E-8D3C-7A589A70D865} = {FB0353AB-A44C-4E2B-862A-6773F4E13BAC}
		{54F609FD-A8CE-43CF-94AD-23E877B97C13} = {FB0353AB-A44C-4E2B-862A-6773F4E13BAC}
		{5EFCFACB-1835-422C-ACDA-E3B3A2F51387} = {FB0353AB-A44C-4E2B-862A-6773F4E13BAC}
		{4CEFBC84-C215-11DB-8314-0800200C9A66} = {FB0353AB-A44C-4E2B-862A-6773F4E13BAC}
		{D8365C15-2166-4DB6-8A2D-1C8F0239EB18} = {FB0353AB-A44C-4E2B-862A-6773F4E13BAC}
		{37768B3F-89BC-4C16-B2A8-767C5DA84C3F} = {FB0353AB-A44C-4E2B-862A-6773F4E13BAC}
		{54DDA60F-E528-4D07-A152-960A1E818680} = {FB0353AB-A44C-4E2B-862A-6773F4E13BAC}
		{1A2DFD1A-3C6C-44D1-909D-294AF646B575} = {FB0353AB-A44C-4E2B-862A-6773F4E13BAC}
		{273B3149-3192-4B75-A791-470320B90812} = {FB0353AB-A44C-4E2B-862A-6773F4E13BAC}
	EndGlobalSection
EndGlobal
