
Microsoft Visual Studio Solution File, Format Version 10.00
# Visual Studio 2008
Project("{8BC9CEB8-8B4A-11D0-8D11-00A0C91BC942}") = "VideoGear", "apps\VideoGear\VideoGear.vcproj", "{ED60967A-7A4D-4A9D-BA74-1CC5AB3BDABB}"
EndProject
Global
	GlobalSection(SolutionConfigurationPlatforms) = preSolution
		Debug|Win32 = Debug|Win32
		Release|Win32 = Release|Win32
	EndGlobalSection
	GlobalSection(ProjectConfigurationPlatforms) = postSolution
		{ED60967A-7A4D-4A9D-BA74-1CC5AB3BDABB}.Debug|Win32.ActiveCfg = Debug|Win32
		{ED60967A-7A4D-4A9D-BA74-1CC5AB3BDABB}.Debug|Win32.Build.0 = Debug|Win32
		{ED60967A-7A4D-4A9D-BA74-1CC5AB3BDABB}.Release|Win32.ActiveCfg = Release|Win32
		{ED60967A-7A4D-4A9D-BA74-1CC5AB3BDABB}.Release|Win32.Build.0 = Release|Win32
	EndGlobalSection
	GlobalSection(SolutionProperties) = preSolution
		HideSolutionNode = FALSE
	EndGlobalSection
EndGlobal
