
Microsoft Visual Studio Solution File, Format Version 10.00
# Visual Studio 2008
Project("{8BC9CEB8-8B4A-11D0-8D11-00A0C91BC942}") = "vgVideoDecoder", "src\vgVideoDecoder\vgVideoDecoder.vcproj", "{02D6F3DB-ECFB-483F-88E1-B5443DAB8EBE}"
EndProject
Project("{2150E333-8FDC-42A3-9474-1A3956D46DE8}") = "thirdparty", "thirdparty", "{25F40D99-E1D6-41E8-9C60-A8EE89593687}"
EndProject
Project("{8BC9CEB8-8B4A-11D0-8D11-00A0C91BC942}") = "BaseClasses", "thirdparty\BaseClasses\BaseClasses.vcproj", "{3E05C77C-3474-4C27-A182-B50C8FEDDB34}"
EndProject
Project("{8BC9CEB8-8B4A-11D0-8D11-00A0C91BC942}") = "vgUtils", "src\vgUtils\vgUtils.vcproj", "{6975658B-3CA9-4325-920F-3801DBA76747}"
EndProject
Global
	GlobalSection(SolutionConfigurationPlatforms) = preSolution
		Debug|Win32 = Debug|Win32
		Release|Win32 = Release|Win32
	EndGlobalSection
	GlobalSection(ProjectConfigurationPlatforms) = postSolution
		{02D6F3DB-ECFB-483F-88E1-B5443DAB8EBE}.Debug|Win32.ActiveCfg = Debug|Win32
		{02D6F3DB-ECFB-483F-88E1-B5443DAB8EBE}.Debug|Win32.Build.0 = Debug|Win32
		{02D6F3DB-ECFB-483F-88E1-B5443DAB8EBE}.Release|Win32.ActiveCfg = Release|Win32
		{02D6F3DB-ECFB-483F-88E1-B5443DAB8EBE}.Release|Win32.Build.0 = Release|Win32
		{3E05C77C-3474-4C27-A182-B50C8FEDDB34}.Debug|Win32.ActiveCfg = Debug|Win32
		{3E05C77C-3474-4C27-A182-B50C8FEDDB34}.Debug|Win32.Build.0 = Debug|Win32
		{3E05C77C-3474-4C27-A182-B50C8FEDDB34}.Release|Win32.ActiveCfg = Release|Win32
		{3E05C77C-3474-4C27-A182-B50C8FEDDB34}.Release|Win32.Build.0 = Release|Win32
		{6975658B-3CA9-4325-920F-3801DBA76747}.Debug|Win32.ActiveCfg = Debug|Win32
		{6975658B-3CA9-4325-920F-3801DBA76747}.Debug|Win32.Build.0 = Debug|Win32
		{6975658B-3CA9-4325-920F-3801DBA76747}.Release|Win32.ActiveCfg = Release|Win32
		{6975658B-3CA9-4325-920F-3801DBA76747}.Release|Win32.Build.0 = Release|Win32
	EndGlobalSection
	GlobalSection(SolutionProperties) = preSolution
		HideSolutionNode = FALSE
	EndGlobalSection
	GlobalSection(NestedProjects) = preSolution
		{3E05C77C-3474-4C27-A182-B50C8FEDDB34} = {25F40D99-E1D6-41E8-9C60-A8EE89593687}
	EndGlobalSection
EndGlobal
