
Microsoft Visual Studio Solution File, Format Version 10.00
# Visual Studio 2008
Project("{8BC9CEB8-8B4A-11D0-8D11-00A0C91BC942}") = "VGearCore", "Core\Core.vcproj", "{EC4846F2-DD58-44C0-B6E8-163D4BC34F94}"
EndProject
Project("{8BC9CEB8-8B4A-11D0-8D11-00A0C91BC942}") = "BaseClasses", "BaseClasses\BaseClasses.vcproj", "{F9E7C8C5-08D9-433D-966B-438F74ED61B2}"
EndProject
Global
	GlobalSection(SolutionConfigurationPlatforms) = preSolution
		Debug|Win32 = Debug|Win32
		Release|Win32 = Release|Win32
	EndGlobalSection
	GlobalSection(ProjectConfigurationPlatforms) = postSolution
		{EC4846F2-DD58-44C0-B6E8-163D4BC34F94}.Debug|Win32.ActiveCfg = Debug|Win32
		{EC4846F2-DD58-44C0-B6E8-163D4BC34F94}.Debug|Win32.Build.0 = Debug|Win32
		{EC4846F2-DD58-44C0-B6E8-163D4BC34F94}.Release|Win32.ActiveCfg = Release|Win32
		{EC4846F2-DD58-44C0-B6E8-163D4BC34F94}.Release|Win32.Build.0 = Release|Win32
		{F9E7C8C5-08D9-433D-966B-438F74ED61B2}.Debug|Win32.ActiveCfg = Debug|Win32
		{F9E7C8C5-08D9-433D-966B-438F74ED61B2}.Debug|Win32.Build.0 = Debug|Win32
		{F9E7C8C5-08D9-433D-966B-438F74ED61B2}.Release|Win32.ActiveCfg = Release|Win32
		{F9E7C8C5-08D9-433D-966B-438F74ED61B2}.Release|Win32.Build.0 = Release|Win32
	EndGlobalSection
	GlobalSection(SolutionProperties) = preSolution
		HideSolutionNode = FALSE
	EndGlobalSection
EndGlobal
